# THIS IS AN AUTOGENERATED FILE. DO NOT EDIT THIS FILE DIRECTLY.
# yarn lockfile v1


"@babel/helper-module-imports@^7.0.0":
  "integrity" "sha512-0NFvs3VkuSYbFi1x2Vd6tKrywq+z/cLeYC/RJNFrIX/30Bf5aiGYbtvGXolEktzJH8o5E5KJ3tT+nkxuuZFVlA=="
  "resolved" "http://localhost:4873/@babel%2fhelper-module-imports/-/helper-module-imports-7.18.6.tgz"
  "version" "7.18.6"
  dependencies:
    "@babel/types" "^7.18.6"

"@babel/helper-string-parser@^7.18.10":
  "integrity" "sha512-XtIfWmeNY3i4t7t4D2t02q50HvqHybPqW2ki1kosnvWCwuCMeo81Jf0gwr85jy/neUdg5XDdeFE/80DXiO+njw=="
  "resolved" "http://localhost:4873/@babel%2fhelper-string-parser/-/helper-string-parser-7.18.10.tgz"
  "version" "7.18.10"

"@babel/helper-validator-identifier@^7.18.6":
  "integrity" "sha512-MmetCkz9ej86nJQV+sFCxoGGrUbU3q02kgLciwkrt9QqEB7cP39oKEY0PakknEO0Gu20SskMRi+AYZ3b1TpN9g=="
  "resolved" "http://localhost:4873/@babel%2fhelper-validator-identifier/-/helper-validator-identifier-7.18.6.tgz"
  "version" "7.18.6"

"@babel/parser@^7.18.4":
  "integrity" "sha512-9JKn5vN+hDt0Hdqn1PiJ2guflwP+B6Ga8qbDuoF0PzzVhrzsKIJo8yGqVk6CmMHiMei9w1C1Bp9IMJSIK+HPIQ=="
  "resolved" "http://localhost:4873/@babel%2fparser/-/parser-7.18.11.tgz"
  "version" "7.18.11"

"@babel/types@^7.18.6":
  "integrity" "sha512-MJvnbEiiNkpjo+LknnmRrqbY1GPUUggjv+wQVjetM/AONoupqRALB7I6jGqNUAZsKcRIEu2J6FRFvsczljjsaQ=="
  "resolved" "http://localhost:4873/@babel%2ftypes/-/types-7.18.10.tgz"
  "version" "7.18.10"
  dependencies:
    "@babel/helper-string-parser" "^7.18.10"
    "@babel/helper-validator-identifier" "^7.18.6"
    "to-fast-properties" "^2.0.0"

"@gpler/type.js@^0.0.1":
  "integrity" "sha512-87VVgU8sQA1Rw54czEo0F2MkeYj9Jeb7M3Fs6bBYCuoNPhGnp5qzGG8C/7pf3e6AKGfjxEOQfxp5SVbH9UlaBg=="
  "resolved" "http://localhost:4873/@gpler%2ftype.js/-/type.js-0.0.1.tgz"
  "version" "0.0.1"

"@types/web-bluetooth@^0.0.15":
  "integrity" "sha512-w7hEHXnPMEZ+4nGKl/KDRVpxkwYxYExuHOYXyzIzCDzEZ9ZCGMAewulr9IqJu2LR4N37fcnb1XVeuZ09qgOxhA=="
  "resolved" "http://localhost:4873/@types%2fweb-bluetooth/-/web-bluetooth-0.0.15.tgz"
  "version" "0.0.15"

"@vitejs/plugin-vue2@^1.1.2":
  "integrity" "sha512-y6OEA+2UdJ0xrEQHodq20v9r3SpS62IOHrgN92JPLvVpNkhcissu7yvD5PXMzMESyazj0XNWGsc8UQk8+mVrjQ=="
  "resolved" "http://localhost:4873/@vitejs%2fplugin-vue2/-/plugin-vue2-1.1.2.tgz"
  "version" "1.1.2"

"@vue/compiler-sfc@2.7.9":
  "integrity" "sha512-TD2FvT0fPUezw5RVP4tfwTZnKHP0QjeEUb39y7tORvOJQTjbOuHJEk4GPHUPsRaTeQ8rjuKjntyrYcEIx+ODxg=="
  "resolved" "http://localhost:4873/@vue%2fcompiler-sfc/-/compiler-sfc-2.7.9.tgz"
  "version" "2.7.9"
  dependencies:
    "@babel/parser" "^7.18.4"
    "postcss" "^8.4.14"
    "source-map" "^0.6.1"

"@vueuse/core@^9.1.0":
  "integrity" "sha512-BIroqvXEqt826aE9r3K5cox1zobuPuAzdYJ36kouC2TVhlXvFKIILgFVWrpp9HZPwB3aLzasmG3K87q7TSyXZg=="
  "resolved" "http://localhost:4873/@vueuse%2fcore/-/core-9.1.0.tgz"
  "version" "9.1.0"
  dependencies:
    "@types/web-bluetooth" "^0.0.15"
    "@vueuse/metadata" "9.1.0"
    "@vueuse/shared" "9.1.0"
    "vue-demi" "*"

"@vueuse/metadata@9.1.0":
  "integrity" "sha512-8OEhlog1iaAGTD3LICZ8oBGQdYeMwByvXetOtAOZCJOzyCRSwqwdggTsmVZZ1rkgYIEqgUBk942AsAPwM21s6A=="
  "resolved" "http://localhost:4873/@vueuse%2fmetadata/-/metadata-9.1.0.tgz"
  "version" "9.1.0"

"@vueuse/shared@9.1.0":
  "integrity" "sha512-pB/3njQu4tfJJ78ajELNda0yMG6lKfpToQW7Soe09CprF1k3QuyoNi1tBNvo75wBDJWD+LOnr+c4B5HZ39jY/Q=="
  "resolved" "http://localhost:4873/@vueuse%2fshared/-/shared-9.1.0.tgz"
  "version" "9.1.0"
  dependencies:
    "vue-demi" "*"

"async-validator@~1.8.1":
  "integrity" "sha512-tXBM+1m056MAX0E8TL2iCjg8WvSyXu0Zc8LNtYqrVeyoL3+esHRZ4SieE9fKQyyU09uONjnMEjrNBMqT0mbvmA=="
  "resolved" "http://localhost:4873/async-validator/-/async-validator-1.8.5.tgz"
  "version" "1.8.5"
  dependencies:
    "babel-runtime" "6.x"

"babel-helper-vue-jsx-merge-props@^2.0.0":
  "integrity" "sha512-gsLiKK7Qrb7zYJNgiXKpXblxbV5ffSwR0f5whkPAaBAR4fhi6bwRZxX9wBlIc5M/v8CCkXUbXZL4N/nSE97cqg=="
  "resolved" "http://localhost:4873/babel-helper-vue-jsx-merge-props/-/babel-helper-vue-jsx-merge-props-2.0.3.tgz"
  "version" "2.0.3"

"babel-plugin-import@^1.13.5":
  "integrity" "sha512-IkqnoV+ov1hdJVofly9pXRJmeDm9EtROfrc5i6eII0Hix2xMs5FEm8FG3ExMvazbnZBbgHIt6qdO8And6lCloQ=="
  "resolved" "http://localhost:4873/babel-plugin-import/-/babel-plugin-import-1.13.5.tgz"
  "version" "1.13.5"
  dependencies:
    "@babel/helper-module-imports" "^7.0.0"

"babel-runtime@6.x":
  "integrity" "sha512-ITKNuq2wKlW1fJg9sSW52eepoYgZBggvOAHC0u/CYu/qxQ9EVzThCgR69BnSXLHjy2f7SY5zaQ4yt7H9ZVxY2g=="
  "resolved" "http://localhost:4873/babel-runtime/-/babel-runtime-6.26.0.tgz"
  "version" "6.26.0"
  dependencies:
    "core-js" "^2.4.0"
    "regenerator-runtime" "^0.11.0"

"core-js@^2.4.0":
  "integrity" "sha512-Kb2wC0fvsWfQrgk8HU5lW6U/Lcs8+9aaYcy4ZFc6DDlo4nZ7n70dEgE5rtR0oG6ufKDUnrwfWL1mXR5ljDatrQ=="
  "resolved" "http://localhost:4873/core-js/-/core-js-2.6.12.tgz"
  "version" "2.6.12"

"csstype@^3.1.0":
  "integrity" "sha512-uX1KG+x9h5hIJsaKR9xHUeUraxf8IODOwq9JLNPq6BwB04a/xgpq3rcx47l5BZu5zBPlgD342tdke3Hom/nJRA=="
  "resolved" "http://localhost:4873/csstype/-/csstype-3.1.0.tgz"
  "version" "3.1.0"

"de-indent@^1.0.2":
  "integrity" "sha512-e/1zu3xH5MQryN2zdVaF0OrdNLUbvWxzMbi+iNA6Bky7l1RoP8a2fIbRocyHclXt/arDrrR6lL3TqFD9pMQTsg=="
  "resolved" "http://localhost:4873/de-indent/-/de-indent-1.0.2.tgz"
  "version" "1.0.2"

"deepmerge@^1.2.0":
  "integrity" "sha512-95k0GDqvBjZavkuvzx/YqVLv/6YYa17fz6ILMSf7neqQITCPbnfEnQvEgMPNjH4kgobe7+WIL0yJEHku+H3qtQ=="
  "resolved" "http://localhost:4873/deepmerge/-/deepmerge-1.5.2.tgz"
  "version" "1.5.2"

"element-ui@2":
  "integrity" "sha512-dx45nQLt4Hn87/Z9eRr3ex6KFZbxlFAwEU3QoW3wA5EsYftvHTyL9Pq7VnXXD7hu1Eiaup2jcs6kp+/VSFmXuA=="
  "resolved" "http://localhost:4873/element-ui/-/element-ui-2.15.9.tgz"
  "version" "2.15.9"
  dependencies:
    "async-validator" "~1.8.1"
    "babel-helper-vue-jsx-merge-props" "^2.0.0"
    "deepmerge" "^1.2.0"
    "normalize-wheel" "^1.0.1"
    "resize-observer-polyfill" "^1.5.0"
    "throttle-debounce" "^1.0.1"

"esbuild-windows-64@0.14.54":
  "integrity" "sha512-AoHTRBUuYwXtZhjXZbA1pGfTo8cJo3vZIcWGLiUcTNgHpJJMC1rVA44ZereBHMJtotyN71S8Qw0npiCIkW96cQ=="
  "resolved" "http://localhost:4873/esbuild-windows-64/-/esbuild-windows-64-0.14.54.tgz"
  "version" "0.14.54"

"esbuild@^0.14.47":
  "integrity" "sha512-Cy9llcy8DvET5uznocPyqL3BFRrFXSVqbgpMJ9Wz8oVjZlh/zUSNbPRbov0VX7VxN2JH1Oa0uNxZ7eLRb62pJA=="
  "resolved" "http://localhost:4873/esbuild/-/esbuild-0.14.54.tgz"
  "version" "0.14.54"
  optionalDependencies:
    "@esbuild/linux-loong64" "0.14.54"
    "esbuild-android-64" "0.14.54"
    "esbuild-android-arm64" "0.14.54"
    "esbuild-darwin-64" "0.14.54"
    "esbuild-darwin-arm64" "0.14.54"
    "esbuild-freebsd-64" "0.14.54"
    "esbuild-freebsd-arm64" "0.14.54"
    "esbuild-linux-32" "0.14.54"
    "esbuild-linux-64" "0.14.54"
    "esbuild-linux-arm" "0.14.54"
    "esbuild-linux-arm64" "0.14.54"
    "esbuild-linux-mips64le" "0.14.54"
    "esbuild-linux-ppc64le" "0.14.54"
    "esbuild-linux-riscv64" "0.14.54"
    "esbuild-linux-s390x" "0.14.54"
    "esbuild-netbsd-64" "0.14.54"
    "esbuild-openbsd-64" "0.14.54"
    "esbuild-sunos-64" "0.14.54"
    "esbuild-windows-32" "0.14.54"
    "esbuild-windows-64" "0.14.54"
    "esbuild-windows-arm64" "0.14.54"

"function-bind@^1.1.1":
  "integrity" "sha512-yIovAzMX49sF8Yl58fSCWJ5svSLuaibPxXQJFLmBObTuCr0Mf1KiPopGM9NiFjiYBCbfaa2Fh6breQ6ANVTI0A=="
  "resolved" "http://localhost:4873/function-bind/-/function-bind-1.1.1.tgz"
  "version" "1.1.1"

"has@^1.0.3":
  "integrity" "sha512-f2dvO0VU6Oej7RkWJGrehjbzMAjFp5/VKPp5tTpWIV4JHHZK1/BxbFRtf/siA2SWTe09caDmVtYYzWEIbBS4zw=="
  "resolved" "http://localhost:4873/has/-/has-1.0.3.tgz"
  "version" "1.0.3"
  dependencies:
    "function-bind" "^1.1.1"

"he@^1.2.0":
  "integrity" "sha512-F/1DnUGPopORZi0ni+CvrCgHQ5FyEAHRLSApuYWMmrbSwoN2Mn/7k+Gl38gJnR7yyDZk6WLXwiGod1JOWNDKGw=="
  "resolved" "http://localhost:4873/he/-/he-1.2.0.tgz"
  "version" "1.2.0"

"is-core-module@^2.9.0":
  "integrity" "sha512-Erxj2n/LDAZ7H8WNJXd9tw38GYM3dv8rk8Zcs+jJuxYTW7sozH+SS8NtrSjVL1/vpLvWi1hxy96IzjJ3EHTJJg=="
  "resolved" "http://localhost:4873/is-core-module/-/is-core-module-2.10.0.tgz"
  "version" "2.10.0"
  dependencies:
    "has" "^1.0.3"

"nanoid@^3.3.4":
  "integrity" "sha512-MqBkQh/OHTS2egovRtLk45wEyNXwF+cokD+1YPf9u5VfJiRdAiRwB2froX5Co9Rh20xs4siNPm8naNotSD6RBw=="
  "resolved" "http://localhost:4873/nanoid/-/nanoid-3.3.4.tgz"
  "version" "3.3.4"

"normalize-wheel@^1.0.1":
  "integrity" "sha512-1OnlAPZ3zgrk8B91HyRj+eVv+kS5u+Z0SCsak6Xil/kmgEia50ga7zfkumayonZrImffAxPU/5WcyGhzetHNPA=="
  "resolved" "http://localhost:4873/normalize-wheel/-/normalize-wheel-1.0.1.tgz"
  "version" "1.0.1"

"path-parse@^1.0.7":
  "integrity" "sha512-LDJzPVEEEPR+y48z93A0Ed0yXb8pAByGWo/k5YYdYgpY2/2EsOsksJrq7lOHxryrVOn1ejG6oAp8ahvOIQD8sw=="
  "resolved" "http://localhost:4873/path-parse/-/path-parse-1.0.7.tgz"
  "version" "1.0.7"

"picocolors@^1.0.0":
  "integrity" "sha512-1fygroTLlHu66zi26VoTDv8yRgm0Fccecssto+MhsZ0D/DGW2sm8E8AjW7NU5VVTRt5GxbeZ5qBuJr+HyLYkjQ=="
  "resolved" "http://localhost:4873/picocolors/-/picocolors-1.0.0.tgz"
  "version" "1.0.0"

"postcss@^8.4.14", "postcss@^8.4.16":
  "integrity" "sha512-ipHE1XBvKzm5xI7hiHCZJCSugxvsdq2mPnsq5+UF+VHCjiBvtDrlxJfMBToWaP9D5XlgNmcFGqoHmUn0EYEaRQ=="
  "resolved" "http://localhost:4873/postcss/-/postcss-8.4.16.tgz"
  "version" "8.4.16"
  dependencies:
    "nanoid" "^3.3.4"
    "picocolors" "^1.0.0"
    "source-map-js" "^1.0.2"

"prettier@^2.7.1":
  "integrity" "sha512-ujppO+MkdPqoVINuDFDRLClm7D78qbDt0/NR+wp5FqEZOoTNAjPHWj17QRhu7geIHJfcNhRk1XVQmF8Bp3ye+g=="
  "resolved" "http://localhost:4873/prettier/-/prettier-2.7.1.tgz"
  "version" "2.7.1"

"regenerator-runtime@^0.11.0":
  "integrity" "sha512-MguG95oij0fC3QV3URf4V2SDYGJhJnJGqvIIgdECeODCT98wSWDAJ94SSuVpYQUoTcGUIL6L4yNB7j1DFFHSBg=="
  "resolved" "http://localhost:4873/regenerator-runtime/-/regenerator-runtime-0.11.1.tgz"
  "version" "0.11.1"

"resize-observer-polyfill@^1.5.0":
  "integrity" "sha512-LwZrotdHOo12nQuZlHEmtuXdqGoOD0OhaxopaNFxWzInpEgaLWoVuAMbTzixuosCx2nEG58ngzW3vxdWoxIgdg=="
  "resolved" "http://localhost:4873/resize-observer-polyfill/-/resize-observer-polyfill-1.5.1.tgz"
  "version" "1.5.1"

"resolve@^1.22.1":
  "integrity" "sha512-nBpuuYuY5jFsli/JIs1oldw6fOQCBioohqWZg/2hiaOybXOft4lonv85uDOKXdf8rhyK159cxU5cDcK/NKk8zw=="
  "resolved" "http://localhost:4873/resolve/-/resolve-1.22.1.tgz"
  "version" "1.22.1"
  dependencies:
    "is-core-module" "^2.9.0"
    "path-parse" "^1.0.7"
    "supports-preserve-symlinks-flag" "^1.0.0"

"rollup@^2.75.6":
  "integrity" "sha512-m/4YzYgLcpMQbxX3NmAqDvwLATZzxt8bIegO78FZLl+lAgKJBd1DRAOeEiZcKOIOPjxE6ewHWHNgGEalFXuz1g=="
  "resolved" "http://localhost:4873/rollup/-/rollup-2.77.2.tgz"
  "version" "2.77.2"
  optionalDependencies:
    "fsevents" "~2.3.2"

"source-map-js@^1.0.2":
  "integrity" "sha512-R0XvVJ9WusLiqTCEiGCmICCMplcCkIwwR11mOSD9CR5u+IXYdiseeEuXCVAjS54zqwkLcPNnmU4OeJ6tUrWhDw=="
  "resolved" "http://localhost:4873/source-map-js/-/source-map-js-1.0.2.tgz"
  "version" "1.0.2"

"source-map@^0.6.1":
  "integrity" "sha512-UjgapumWlbMhkBgzT7Ykc5YXUT46F0iKu8SGXq0bcwP5dz/h0Plj6enJqjz1Zbq2l5WaqYnrVbwWOWMyF3F47g=="
  "resolved" "http://localhost:4873/source-map/-/source-map-0.6.1.tgz"
  "version" "0.6.1"

"supports-preserve-symlinks-flag@^1.0.0":
  "integrity" "sha512-ot0WnXS9fgdkgIcePe6RHNk1WA8+muPa6cSjeR3V8K27q9BB1rTE3R1p7Hv0z1ZyAc8s6Vvv8DIyWf681MAt0w=="
  "resolved" "http://localhost:4873/supports-preserve-symlinks-flag/-/supports-preserve-symlinks-flag-1.0.0.tgz"
  "version" "1.0.0"

"throttle-debounce@^1.0.1":
  "integrity" "sha512-XH8UiPCQcWNuk2LYePibW/4qL97+ZQ1AN3FNXwZRBNPPowo/NRU5fAlDCSNBJIYCKbioZfuYtMhG4quqoJhVzg=="
  "resolved" "http://localhost:4873/throttle-debounce/-/throttle-debounce-1.1.0.tgz"
  "version" "1.1.0"

"to-fast-properties@^2.0.0":
  "integrity" "sha512-/OaKK0xYrs3DmxRYqL/yDc+FxFUVYhDlXMhRmv3z915w2HF1tnN1omB354j8VUGO/hbRzyD6Y3sA7v7GS/ceog=="
  "resolved" "http://localhost:4873/to-fast-properties/-/to-fast-properties-2.0.0.tgz"
  "version" "2.0.0"

"vite@^3.0.5", "vite@>=2.5.10":
  "integrity" "sha512-bRvrt9Tw8EGW4jj64aYFTnVg134E8hgDxyl/eEHnxiGqYk7/pTPss6CWlurqPOUzqvEoZkZ58Ws+Iu8MB87iMA=="
  "resolved" "http://localhost:4873/vite/-/vite-3.0.5.tgz"
  "version" "3.0.5"
  dependencies:
    "esbuild" "^0.14.47"
    "postcss" "^8.4.16"
    "resolve" "^1.22.1"
    "rollup" "^2.75.6"
  optionalDependencies:
    "fsevents" "~2.3.2"

"vue-demi@*":
  "integrity" "sha512-02NYpxgyGE2kKGegRPYlNQSL1UWfA/+JqvzhGCOYjhfbLWXU5QQX0+9pAm/R2sCOPKr5NBxVIab7fvFU0B1RxQ=="
  "resolved" "http://localhost:4873/vue-demi/-/vue-demi-0.13.6.tgz"
  "version" "0.13.6"

"vue-router@3":
  "integrity" "sha512-x+/DLAJZv2mcQ7glH2oV9ze8uPwcI+H+GgTgTmb5I55bCgY3+vXWIsqbYUzbBSZnwFHEJku4eoaH/x98veyymQ=="
  "resolved" "http://localhost:4873/vue-router/-/vue-router-3.5.4.tgz"
  "version" "3.5.4"

"vue-template-compiler@^2.7.8":
  "integrity" "sha512-eQqdcUpJKJpBRPDdxCNsqUoT0edNvdt1jFjtVnVS/LPPmr0BU2jWzXlrf6BVMeODtdLewB3j8j3WjNiB+V+giw=="
  "resolved" "http://localhost:4873/vue-template-compiler/-/vue-template-compiler-2.7.8.tgz"
  "version" "2.7.8"
  dependencies:
    "de-indent" "^1.0.2"
    "he" "^1.2.0"

"vue@^2.0.0", "vue@^2.5.17", "vue@^2.7.0-0", "vue@^3.0.0-0 || ^2.6.0", "vue@2":
  "integrity" "sha512-GeWCvAUkjzD5q4A3vgi8ka5r9bM6g8fmNmx/9VnHDKCaEzBcoVw+7UcQktZHrJ2jhlI+Zv8L57pMCIwM4h4MWg=="
  "resolved" "http://localhost:4873/vue/-/vue-2.7.9.tgz"
  "version" "2.7.9"
  dependencies:
    "@vue/compiler-sfc" "2.7.9"
    "csstype" "^3.1.0"

"vuex@3":
  "integrity" "sha512-ETW44IqCgBpVomy520DT5jf8n0zoCac+sxWnn+hMe/CzaSejb/eVw2YToiXYX+Ex/AuHHia28vWTq4goAexFbw=="
  "resolved" "http://localhost:4873/vuex/-/vuex-3.6.2.tgz"
  "version" "3.6.2"
